// !$*UTF8*$!
{
	archiveVersion = 1;
	classes = {
	};
	objectVersion = 46;
	objects = {

/* Begin PBXBuildFile section */
		E4671BC81CFBF8BA003267B0 /* main.m in Sources */ = {isa = PBXBuildFile; fileRef = E4671BC71CFBF8BA003267B0 /* main.m */; };
		E4671BCB1CFBF8BA003267B0 /* AppDelegate.m in Sources */ = {isa = PBXBuildFile; fileRef = E4671BCA1CFBF8BA003267B0 /* AppDelegate.m */; };
		E4671BCE1CFBF8BA003267B0 /* ViewController.m in Sources */ = {isa = PBXBuildFile; fileRef = E4671BCD1CFBF8BA003267B0 /* ViewController.m */; };
		E4671BD11CFBF8BA003267B0 /* Main.storyboard in Resources */ = {isa = PBXBuildFile; fileRef = E4671BCF1CFBF8BA003267B0 /* Main.storyboard */; };
		E4671BD31CFBF8BA003267B0 /* Assets.xcassets in Resources */ = {isa = PBXBuildFile; fileRef = E4671BD21CFBF8BA003267B0 /* Assets.xcassets */; };
		E4671BD61CFBF8BA003267B0 /* LaunchScreen.storyboard in Resources */ = {isa = PBXBuildFile; fileRef = E4671BD41CFBF8BA003267B0 /* LaunchScreen.storyboard */; };
		E4671BDB1CFBF8BA003267B0 /* which WatchKit App.app in Embed Watch Content */ = {isa = PBXBuildFile; fileRef = E4671BDA1CFBF8BA003267B0 /* which WatchKit App.app */; };
		E4671BE11CFBF8BA003267B0 /* Interface.storyboard in Resources */ = {isa = PBXBuildFile; fileRef = E4671BDF1CFBF8BA003267B0 /* Interface.storyboard */; };
		E4671BE31CFBF8BA003267B0 /* Assets.xcassets in Resources */ = {isa = PBXBuildFile; fileRef = E4671BE21CFBF8BA003267B0 /* Assets.xcassets */; };
		E4671BEA1CFBF8BA003267B0 /* which WatchKit Extension.appex in Embed App Extensions */ = {isa = PBXBuildFile; fileRef = E4671BE91CFBF8BA003267B0 /* which WatchKit Extension.appex */; settings = {ATTRIBUTES = (RemoveHeadersOnCopy, ); }; };
		E4671BF01CFBF8BA003267B0 /* InterfaceController.m in Sources */ = {isa = PBXBuildFile; fileRef = E4671BEF1CFBF8BA003267B0 /* InterfaceController.m */; };
		E4671BF31CFBF8BA003267B0 /* ExtensionDelegate.m in Sources */ = {isa = PBXBuildFile; fileRef = E4671BF21CFBF8BA003267B0 /* ExtensionDelegate.m */; };
		E4671BF81CFBF8BA003267B0 /* Assets.xcassets in Resources */ = {isa = PBXBuildFile; fileRef = E4671BF71CFBF8BA003267B0 /* Assets.xcassets */; };
		E4B3D7EE1D1EFB940081945F /* DataRetriever.m in Sources */ = {isa = PBXBuildFile; fileRef = E4B3D7ED1D1EFB940081945F /* DataRetriever.m */; };
		E4ED707A1D6173A400385C81 /* DataRetriever.m in Sources */ = {isa = PBXBuildFile; fileRef = E4B3D7ED1D1EFB940081945F /* DataRetriever.m */; };
/* End PBXBuildFile section */

/* Begin PBXContainerItemProxy section */
		E4671BDC1CFBF8BA003267B0 /* PBXContainerItemProxy */ = {
			isa = PBXContainerItemProxy;
			containerPortal = E4671BBB1CFBF8BA003267B0 /* Project object */;
			proxyType = 1;
			remoteGlobalIDString = E4671BD91CFBF8BA003267B0;
			remoteInfo = "which WatchKit App";
		};
		E4671BEB1CFBF8BA003267B0 /* PBXContainerItemProxy */ = {
			isa = PBXContainerItemProxy;
			containerPortal = E4671BBB1CFBF8BA003267B0 /* Project object */;
			proxyType = 1;
			remoteGlobalIDString = E4671BE81CFBF8BA003267B0;
			remoteInfo = "which WatchKit Extension";
		};
/* End PBXContainerItemProxy section */

/* Begin PBXCopyFilesBuildPhase section */
		E4671BFF1CFBF8BA003267B0 /* Embed App Extensions */ = {
			isa = PBXCopyFilesBuildPhase;
			buildActionMask = 2147483647;
			dstPath = "";
			dstSubfolderSpec = 13;
			files = (
				E4671BEA1CFBF8BA003267B0 /* which WatchKit Extension.appex in Embed App Extensions */,
			);
			name = "Embed App Extensions";
			runOnlyForDeploymentPostprocessing = 0;
		};
		E4671C031CFBF8BA003267B0 /* Embed Watch Content */ = {
			isa = PBXCopyFilesBuildPhase;
			buildActionMask = 2147483647;
			dstPath = "$(CONTENTS_FOLDER_PATH)/Watch";
			dstSubfolderSpec = 16;
			files = (
				E4671BDB1CFBF8BA003267B0 /* which WatchKit App.app in Embed Watch Content */,
			);
			name = "Embed Watch Content";
			runOnlyForDeploymentPostprocessing = 0;
		};
/* End PBXCopyFilesBuildPhase section */

/* Begin PBXFileReference section */
		E4671BC31CFBF8BA003267B0 /* which.app */ = {isa = PBXFileReference; explicitFileType = wrapper.application; includeInIndex = 0; path = which.app; sourceTree = BUILT_PRODUCTS_DIR; };
		E4671BC71CFBF8BA003267B0 /* main.m */ = {isa = PBXFileReference; lastKnownFileType = sourcecode.c.objc; path = main.m; sourceTree = "<group>"; };
		E4671BC91CFBF8BA003267B0 /* AppDelegate.h */ = {isa = PBXFileReference; lastKnownFileType = sourcecode.c.h; path = AppDelegate.h; sourceTree = "<group>"; };
		E4671BCA1CFBF8BA003267B0 /* AppDelegate.m */ = {isa = PBXFileReference; lastKnownFileType = sourcecode.c.objc; path = AppDelegate.m; sourceTree = "<group>"; };
		E4671BCC1CFBF8BA003267B0 /* ViewController.h */ = {isa = PBXFileReference; lastKnownFileType = sourcecode.c.h; path = ViewController.h; sourceTree = "<group>"; };
		E4671BCD1CFBF8BA003267B0 /* ViewController.m */ = {isa = PBXFileReference; lastKnownFileType = sourcecode.c.objc; path = ViewController.m; sourceTree = "<group>"; };
		E4671BD01CFBF8BA003267B0 /* Base */ = {isa = PBXFileReference; lastKnownFileType = file.storyboard; name = Base; path = Base.lproj/Main.storyboard; sourceTree = "<group>"; };
		E4671BD21CFBF8BA003267B0 /* Assets.xcassets */ = {isa = PBXFileReference; lastKnownFileType = folder.assetcatalog; path = Assets.xcassets; sourceTree = "<group>"; };
		E4671BD51CFBF8BA003267B0 /* Base */ = {isa = PBXFileReference; lastKnownFileType = file.storyboard; name = Base; path = Base.lproj/LaunchScreen.storyboard; sourceTree = "<group>"; };
		E4671BD71CFBF8BA003267B0 /* Info.plist */ = {isa = PBXFileReference; lastKnownFileType = text.plist.xml; path = Info.plist; sourceTree = "<group>"; };
		E4671BDA1CFBF8BA003267B0 /* which WatchKit App.app */ = {isa = PBXFileReference; explicitFileType = wrapper.application; includeInIndex = 0; path = "which WatchKit App.app"; sourceTree = BUILT_PRODUCTS_DIR; };
		E4671BE01CFBF8BA003267B0 /* Base */ = {isa = PBXFileReference; lastKnownFileType = file.storyboard; name = Base; path = Base.lproj/Interface.storyboard; sourceTree = "<group>"; };
		E4671BE21CFBF8BA003267B0 /* Assets.xcassets */ = {isa = PBXFileReference; lastKnownFileType = folder.assetcatalog; path = Assets.xcassets; sourceTree = "<group>"; };
		E4671BE41CFBF8BA003267B0 /* Info.plist */ = {isa = PBXFileReference; lastKnownFileType = text.plist.xml; path = Info.plist; sourceTree = "<group>"; };
		E4671BE91CFBF8BA003267B0 /* which WatchKit Extension.appex */ = {isa = PBXFileReference; explicitFileType = "wrapper.app-extension"; includeInIndex = 0; path = "which WatchKit Extension.appex"; sourceTree = BUILT_PRODUCTS_DIR; };
		E4671BEE1CFBF8BA003267B0 /* InterfaceController.h */ = {isa = PBXFileReference; lastKnownFileType = sourcecode.c.h; path = InterfaceController.h; sourceTree = "<group>"; };
		E4671BEF1CFBF8BA003267B0 /* InterfaceController.m */ = {isa = PBXFileReference; lastKnownFileType = sourcecode.c.objc; path = InterfaceController.m; sourceTree = "<group>"; };
		E4671BF11CFBF8BA003267B0 /* ExtensionDelegate.h */ = {isa = PBXFileReference; lastKnownFileType = sourcecode.c.h; path = ExtensionDelegate.h; sourceTree = "<group>"; };
		E4671BF21CFBF8BA003267B0 /* ExtensionDelegate.m */ = {isa = PBXFileReference; lastKnownFileType = sourcecode.c.objc; path = ExtensionDelegate.m; sourceTree = "<group>"; };
		E4671BF71CFBF8BA003267B0 /* Assets.xcassets */ = {isa = PBXFileReference; lastKnownFileType = folder.assetcatalog; path = Assets.xcassets; sourceTree = "<group>"; };
		E4671BF91CFBF8BA003267B0 /* Info.plist */ = {isa = PBXFileReference; lastKnownFileType = text.plist.xml; path = Info.plist; sourceTree = "<group>"; };
		E4B3D7ED1D1EFB940081945F /* DataRetriever.m */ = {isa = PBXFileReference; fileEncoding = 4; lastKnownFileType = sourcecode.c.objc; path = DataRetriever.m; sourceTree = "<group>"; };
		E4B3D7EF1D1EFCC60081945F /* DataRetriever.h */ = {isa = PBXFileReference; lastKnownFileType = sourcecode.c.h; path = DataRetriever.h; sourceTree = "<group>"; };
/* End PBXFileReference section */

/* Begin PBXFrameworksBuildPhase section */
		E4671BC01CFBF8BA003267B0 /* Frameworks */ = {
			isa = PBXFrameworksBuildPhase;
			buildActionMask = 2147483647;
			files = (
			);
			runOnlyForDeploymentPostprocessing = 0;
		};
		E4671BE61CFBF8BA003267B0 /* Frameworks */ = {
			isa = PBXFrameworksBuildPhase;
			buildActionMask = 2147483647;
			files = (
			);
			runOnlyForDeploymentPostprocessing = 0;
		};
/* End PBXFrameworksBuildPhase section */

/* Begin PBXGroup section */
		E4671BBA1CFBF8BA003267B0 = {
			isa = PBXGroup;
			children = (
				E4671BC51CFBF8BA003267B0 /* which */,
				E4671BDE1CFBF8BA003267B0 /* which WatchKit App */,
				E4671BED1CFBF8BA003267B0 /* which WatchKit Extension */,
				E4671BC41CFBF8BA003267B0 /* Products */,
			);
			sourceTree = "<group>";
		};
		E4671BC41CFBF8BA003267B0 /* Products */ = {
			isa = PBXGroup;
			children = (
				E4671BC31CFBF8BA003267B0 /* which.app */,
				E4671BDA1CFBF8BA003267B0 /* which WatchKit App.app */,
				E4671BE91CFBF8BA003267B0 /* which WatchKit Extension.appex */,
			);
			name = Products;
			sourceTree = "<group>";
		};
		E4671BC51CFBF8BA003267B0 /* which */ = {
			isa = PBXGroup;
			children = (
				E4671BC91CFBF8BA003267B0 /* AppDelegate.h */,
				E4671BCA1CFBF8BA003267B0 /* AppDelegate.m */,
				E4671BCC1CFBF8BA003267B0 /* ViewController.h */,
				E4671BCD1CFBF8BA003267B0 /* ViewController.m */,
				E4671BCF1CFBF8BA003267B0 /* Main.storyboard */,
				E4671BD21CFBF8BA003267B0 /* Assets.xcassets */,
				E4671BD41CFBF8BA003267B0 /* LaunchScreen.storyboard */,
				E4671BD71CFBF8BA003267B0 /* Info.plist */,
				E4671BC61CFBF8BA003267B0 /* Supporting Files */,
			);
			path = which;
			sourceTree = "<group>";
		};
		E4671BC61CFBF8BA003267B0 /* Supporting Files */ = {
			isa = PBXGroup;
			children = (
				E4671BC71CFBF8BA003267B0 /* main.m */,
			);
			name = "Supporting Files";
			sourceTree = "<group>";
		};
		E4671BDE1CFBF8BA003267B0 /* which WatchKit App */ = {
			isa = PBXGroup;
			children = (
				E4671BDF1CFBF8BA003267B0 /* Interface.storyboard */,
				E4671BE21CFBF8BA003267B0 /* Assets.xcassets */,
				E4671BE41CFBF8BA003267B0 /* Info.plist */,
			);
			path = "which WatchKit App";
			sourceTree = "<group>";
		};
		E4671BED1CFBF8BA003267B0 /* which WatchKit Extension */ = {
			isa = PBXGroup;
			children = (
				E4671BEE1CFBF8BA003267B0 /* InterfaceController.h */,
				E4671BEF1CFBF8BA003267B0 /* InterfaceController.m */,
				E4671BF11CFBF8BA003267B0 /* ExtensionDelegate.h */,
				E4671BF21CFBF8BA003267B0 /* ExtensionDelegate.m */,
				E4671BF71CFBF8BA003267B0 /* Assets.xcassets */,
				E4671BF91CFBF8BA003267B0 /* Info.plist */,
				E4B3D7EF1D1EFCC60081945F /* DataRetriever.h */,
				E4B3D7ED1D1EFB940081945F /* DataRetriever.m */,
			);
			path = "which WatchKit Extension";
			sourceTree = "<group>";
		};
/* End PBXGroup section */

/* Begin PBXNativeTarget section */
		E4671BC21CFBF8BA003267B0 /* which */ = {
			isa = PBXNativeTarget;
			buildConfigurationList = E4671C041CFBF8BA003267B0 /* Build configuration list for PBXNativeTarget "which" */;
			buildPhases = (
				E4671BBF1CFBF8BA003267B0 /* Sources */,
				E4671BC01CFBF8BA003267B0 /* Frameworks */,
				E4671BC11CFBF8BA003267B0 /* Resources */,
				E4671C031CFBF8BA003267B0 /* Embed Watch Content */,
			);
			buildRules = (
			);
			dependencies = (
				E4671BDD1CFBF8BA003267B0 /* PBXTargetDependency */,
			);
			name = which;
			productName = which;
			productReference = E4671BC31CFBF8BA003267B0 /* which.app */;
			productType = "com.apple.product-type.application";
		};
		E4671BD91CFBF8BA003267B0 /* which WatchKit App */ = {
			isa = PBXNativeTarget;
			buildConfigurationList = E4671C001CFBF8BA003267B0 /* Build configuration list for PBXNativeTarget "which WatchKit App" */;
			buildPhases = (
				E4671BD81CFBF8BA003267B0 /* Resources */,
				E4671BFF1CFBF8BA003267B0 /* Embed App Extensions */,
			);
			buildRules = (
			);
			dependencies = (
				E4671BEC1CFBF8BA003267B0 /* PBXTargetDependency */,
			);
			name = "which WatchKit App";
			productName = "which WatchKit App";
			productReference = E4671BDA1CFBF8BA003267B0 /* which WatchKit App.app */;
			productType = "com.apple.product-type.application.watchapp2";
		};
		E4671BE81CFBF8BA003267B0 /* which WatchKit Extension */ = {
			isa = PBXNativeTarget;
			buildConfigurationList = E4671BFC1CFBF8BA003267B0 /* Build configuration list for PBXNativeTarget "which WatchKit Extension" */;
			buildPhases = (
				E4671BE51CFBF8BA003267B0 /* Sources */,
				E4671BE61CFBF8BA003267B0 /* Frameworks */,
				E4671BE71CFBF8BA003267B0 /* Resources */,
			);
			buildRules = (
			);
			dependencies = (
			);
			name = "which WatchKit Extension";
			productName = "which WatchKit Extension";
			productReference = E4671BE91CFBF8BA003267B0 /* which WatchKit Extension.appex */;
			productType = "com.apple.product-type.watchkit2-extension";
		};
/* End PBXNativeTarget section */

/* Begin PBXProject section */
		E4671BBB1CFBF8BA003267B0 /* Project object */ = {
			isa = PBXProject;
			attributes = {
				LastUpgradeCheck = 0800;
				ORGANIZATIONNAME = "Eduardo Ramos";
				TargetAttributes = {
					E4671BC21CFBF8BA003267B0 = {
						CreatedOnToolsVersion = 7.3;
						DevelopmentTeam = T9V62Y8U4T;
					};
					E4671BD91CFBF8BA003267B0 = {
						CreatedOnToolsVersion = 7.3;
						DevelopmentTeam = T9V62Y8U4T;
					};
					E4671BE81CFBF8BA003267B0 = {
						CreatedOnToolsVersion = 7.3;
						DevelopmentTeam = T9V62Y8U4T;
					};
				};
			};
			buildConfigurationList = E4671BBE1CFBF8BA003267B0 /* Build configuration list for PBXProject "which" */;
			compatibilityVersion = "Xcode 3.2";
			developmentRegion = English;
			hasScannedForEncodings = 0;
			knownRegions = (
				en,
				Base,
			);
			mainGroup = E4671BBA1CFBF8BA003267B0;
			productRefGroup = E4671BC41CFBF8BA003267B0 /* Products */;
			projectDirPath = "";
			projectRoot = "";
			targets = (
				E4671BC21CFBF8BA003267B0 /* which */,
				E4671BD91CFBF8BA003267B0 /* which WatchKit App */,
				E4671BE81CFBF8BA003267B0 /* which WatchKit Extension */,
			);
		};
/* End PBXProject section */

/* Begin PBXResourcesBuildPhase section */
		E4671BC11CFBF8BA003267B0 /* Resources */ = {
			isa = PBXResourcesBuildPhase;
			buildActionMask = 2147483647;
			files = (
				E4671BD61CFBF8BA003267B0 /* LaunchScreen.storyboard in Resources */,
				E4671BD31CFBF8BA003267B0 /* Assets.xcassets in Resources */,
				E4671BD11CFBF8BA003267B0 /* Main.storyboard in Resources */,
			);
			runOnlyForDeploymentPostprocessing = 0;
		};
		E4671BD81CFBF8BA003267B0 /* Resources */ = {
			isa = PBXResourcesBuildPhase;
			buildActionMask = 2147483647;
			files = (
				E4671BE31CFBF8BA003267B0 /* Assets.xcassets in Resources */,
				E4671BE11CFBF8BA003267B0 /* Interface.storyboard in Resources */,
			);
			runOnlyForDeploymentPostprocessing = 0;
		};
		E4671BE71CFBF8BA003267B0 /* Resources */ = {
			isa = PBXResourcesBuildPhase;
			buildActionMask = 2147483647;
			files = (
				E4671BF81CFBF8BA003267B0 /* Assets.xcassets in Resources */,
			);
			runOnlyForDeploymentPostprocessing = 0;
		};
/* End PBXResourcesBuildPhase section */

/* Begin PBXSourcesBuildPhase section */
		E4671BBF1CFBF8BA003267B0 /* Sources */ = {
			isa = PBXSourcesBuildPhase;
			buildActionMask = 2147483647;
			files = (
				E4ED707A1D6173A400385C81 /* DataRetriever.m in Sources */,
				E4671BCE1CFBF8BA003267B0 /* ViewController.m in Sources */,
				E4671BCB1CFBF8BA003267B0 /* AppDelegate.m in Sources */,
				E4671BC81CFBF8BA003267B0 /* main.m in Sources */,
			);
			runOnlyForDeploymentPostprocessing = 0;
		};
		E4671BE51CFBF8BA003267B0 /* Sources */ = {
			isa = PBXSourcesBuildPhase;
			buildActionMask = 2147483647;
			files = (
				E4B3D7EE1D1EFB940081945F /* DataRetriever.m in Sources */,
				E4671BF31CFBF8BA003267B0 /* ExtensionDelegate.m in Sources */,
				E4671BF01CFBF8BA003267B0 /* InterfaceController.m in Sources */,
			);
			runOnlyForDeploymentPostprocessing = 0;
		};
/* End PBXSourcesBuildPhase section */

/* Begin PBXTargetDependency section */
		E4671BDD1CFBF8BA003267B0 /* PBXTargetDependency */ = {
			isa = PBXTargetDependency;
			target = E4671BD91CFBF8BA003267B0 /* which WatchKit App */;
			targetProxy = E4671BDC1CFBF8BA003267B0 /* PBXContainerItemProxy */;
		};
		E4671BEC1CFBF8BA003267B0 /* PBXTargetDependency */ = {
			isa = PBXTargetDependency;
			target = E4671BE81CFBF8BA003267B0 /* which WatchKit Extension */;
			targetProxy = E4671BEB1CFBF8BA003267B0 /* PBXContainerItemProxy */;
		};
/* End PBXTargetDependency section */

/* Begin PBXVariantGroup section */
		E4671BCF1CFBF8BA003267B0 /* Main.storyboard */ = {
			isa = PBXVariantGroup;
			children = (
				E4671BD01CFBF8BA003267B0 /* Base */,
			);
			name = Main.storyboard;
			sourceTree = "<group>";
		};
		E4671BD41CFBF8BA003267B0 /* LaunchScreen.storyboard */ = {
			isa = PBXVariantGroup;
			children = (
				E4671BD51CFBF8BA003267B0 /* Base */,
			);
			name = LaunchScreen.storyboard;
			sourceTree = "<group>";
		};
		E4671BDF1CFBF8BA003267B0 /* Interface.storyboard */ = {
			isa = PBXVariantGroup;
			children = (
				E4671BE01CFBF8BA003267B0 /* Base */,
			);
			name = Interface.storyboard;
			sourceTree = "<group>";
		};
/* End PBXVariantGroup section */

/* Begin XCBuildConfiguration section */
		E4671BFA1CFBF8BA003267B0 /* Debug */ = {
			isa = XCBuildConfiguration;
			buildSettings = {
				ALWAYS_SEARCH_USER_PATHS = NO;
				CLANG_ANALYZER_NONNULL = YES;
				CLANG_CXX_LANGUAGE_STANDARD = "gnu++0x";
				CLANG_CXX_LIBRARY = "libc++";
				CLANG_ENABLE_MODULES = YES;
				CLANG_ENABLE_OBJC_ARC = YES;
				CLANG_WARN_BOOL_CONVERSION = YES;
				CLANG_WARN_CONSTANT_CONVERSION = YES;
				CLANG_WARN_DIRECT_OBJC_ISA_USAGE = YES_ERROR;
				CLANG_WARN_EMPTY_BODY = YES;
				CLANG_WARN_ENUM_CONVERSION = YES;
				CLANG_WARN_INFINITE_RECURSION = YES;
				CLANG_WARN_INT_CONVERSION = YES;
				CLANG_WARN_OBJC_ROOT_CLASS = YES_ERROR;
				CLANG_WARN_SUSPICIOUS_MOVE = YES;
				CLANG_WARN_UNREACHABLE_CODE = YES;
				CLANG_WARN__DUPLICATE_METHOD_MATCH = YES;
				"CODE_SIGN_IDENTITY[sdk=iphoneos*]" = "iPhone Developer";
				COPY_PHASE_STRIP = NO;
				DEBUG_INFORMATION_FORMAT = dwarf;
				ENABLE_STRICT_OBJC_MSGSEND = YES;
				ENABLE_TESTABILITY = YES;
				GCC_C_LANGUAGE_STANDARD = gnu99;
				GCC_DYNAMIC_NO_PIC = NO;
				GCC_NO_COMMON_BLOCKS = YES;
				GCC_OPTIMIZATION_LEVEL = 0;
				GCC_PREPROCESSOR_DEFINITIONS = (
					"DEBUG=1",
					"$(inherited)",
				);
				GCC_WARN_64_TO_32_BIT_CONVERSION = YES;
				GCC_WARN_ABOUT_RETURN_TYPE = YES_ERROR;
				GCC_WARN_UNDECLARED_SELECTOR = YES;
				GCC_WARN_UNINITIALIZED_AUTOS = YES_AGGRESSIVE;
				GCC_WARN_UNUSED_FUNCTION = YES;
				GCC_WARN_UNUSED_VARIABLE = YES;
				IPHONEOS_DEPLOYMENT_TARGET = 10.0;
				MTL_ENABLE_DEBUG_INFO = YES;
				ONLY_ACTIVE_ARCH = YES;
				SDKROOT = iphoneos;
			};
			name = Debug;
		};
		E4671BFB1CFBF8BA003267B0 /* Release */ = {
			isa = XCBuildConfiguration;
			buildSettings = {
				ALWAYS_SEARCH_USER_PATHS = NO;
				CLANG_ANALYZER_NONNULL = YES;
				CLANG_CXX_LANGUAGE_STANDARD = "gnu++0x";
				CLANG_CXX_LIBRARY = "libc++";
				CLANG_ENABLE_MODULES = YES;
				CLANG_ENABLE_OBJC_ARC = YES;
				CLANG_WARN_BOOL_CONVERSION = YES;
				CLANG_WARN_CONSTANT_CONVERSION = YES;
				CLANG_WARN_DIRECT_OBJC_ISA_USAGE = YES_ERROR;
				CLANG_WARN_EMPTY_BODY = YES;
				CLANG_WARN_ENUM_CONVERSION = YES;
				CLANG_WARN_INFINITE_RECURSION = YES;
				CLANG_WARN_INT_CONVERSION = YES;
				CLANG_WARN_OBJC_ROOT_CLASS = YES_ERROR;
				CLANG_WARN_SUSPICIOUS_MOVE = YES;
				CLANG_WARN_UNREACHABLE_CODE = YES;
				CLANG_WARN__DUPLICATE_METHOD_MATCH = YES;
				"CODE_SIGN_IDENTITY[sdk=iphoneos*]" = "iPhone Developer";
				COPY_PHASE_STRIP = NO;
				DEBUG_INFORMATION_FORMAT = "dwarf-with-dsym";
				ENABLE_NS_ASSERTIONS = NO;
				ENABLE_STRICT_OBJC_MSGSEND = YES;
				GCC_C_LANGUAGE_STANDARD = gnu99;
				GCC_NO_COMMON_BLOCKS = YES;
				GCC_WARN_64_TO_32_BIT_CONVERSION = YES;
				GCC_WARN_ABOUT_RETURN_TYPE = YES_ERROR;
				GCC_WARN_UNDECLARED_SELECTOR = YES;
				GCC_WARN_UNINITIALIZED_AUTOS = YES_AGGRESSIVE;
				GCC_WARN_UNUSED_FUNCTION = YES;
				GCC_WARN_UNUSED_VARIABLE = YES;
				IPHONEOS_DEPLOYMENT_TARGET = 10.0;
				MTL_ENABLE_DEBUG_INFO = NO;
				SDKROOT = iphoneos;
				VALIDATE_PRODUCT = YES;
			};
			name = Release;
		};
		E4671BFD1CFBF8BA003267B0 /* Debug */ = {
			isa = XCBuildConfiguration;
			buildSettings = {
				CODE_SIGN_IDENTITY = "iPhone Developer";
				DEVELOPMENT_TEAM = T9V62Y8U4T;
				INFOPLIST_FILE = "which WatchKit Extension/Info.plist";
				LD_RUNPATH_SEARCH_PATHS = "$(inherited) @executable_path/Frameworks @executable_path/../../Frameworks";
				PRODUCT_BUNDLE_IDENTIFIER = eramosb.which.watchkitapp.watchkitextension;
				PRODUCT_NAME = "${TARGET_NAME}";
				SDKROOT = watchos;
				SKIP_INSTALL = YES;
				TARGETED_DEVICE_FAMILY = 4;
				WATCHOS_DEPLOYMENT_TARGET = 3.0;
			};
			name = Debug;
		};
		E4671BFE1CFBF8BA003267B0 /* Release */ = {
			isa = XCBuildConfiguration;
			buildSettings = {
				CODE_SIGN_IDENTITY = "iPhone Developer";
				DEVELOPMENT_TEAM = T9V62Y8U4T;
				INFOPLIST_FILE = "which WatchKit Extension/Info.plist";
				LD_RUNPATH_SEARCH_PATHS = "$(inherited) @executable_path/Frameworks @executable_path/../../Frameworks";
				PRODUCT_BUNDLE_IDENTIFIER = eramosb.which.watchkitapp.watchkitextension;
				PRODUCT_NAME = "${TARGET_NAME}";
				SDKROOT = watchos;
				SKIP_INSTALL = YES;
				TARGETED_DEVICE_FAMILY = 4;
				WATCHOS_DEPLOYMENT_TARGET = 3.0;
			};
			name = Release;
		};
		E4671C011CFBF8BA003267B0 /* Debug */ = {
			isa = XCBuildConfiguration;
			buildSettings = {
				ASSETCATALOG_COMPILER_APPICON_NAME = AppIcon;
				DEVELOPMENT_TEAM = T9V62Y8U4T;
				IBSC_MODULE = which_WatchKit_Extension;
				INFOPLIST_FILE = "which WatchKit App/Info.plist";
				PRODUCT_BUNDLE_IDENTIFIER = eramosb.which.watchkitapp;
				PRODUCT_NAME = "$(TARGET_NAME)";
				SDKROOT = watchos;
				SKIP_INSTALL = YES;
				TARGETED_DEVICE_FAMILY = 4;
				WATCHOS_DEPLOYMENT_TARGET = 3.0;
			};
			name = Debug;
		};
		E4671C021CFBF8BA003267B0 /* Release */ = {
			isa = XCBuildConfiguration;
			buildSettings = {
				ASSETCATALOG_COMPILER_APPICON_NAME = AppIcon;
				DEVELOPMENT_TEAM = T9V62Y8U4T;
				IBSC_MODULE = which_WatchKit_Extension;
				INFOPLIST_FILE = "which WatchKit App/Info.plist";
				PRODUCT_BUNDLE_IDENTIFIER = eramosb.which.watchkitapp;
				PRODUCT_NAME = "$(TARGET_NAME)";
				SDKROOT = watchos;
				SKIP_INSTALL = YES;
				TARGETED_DEVICE_FAMILY = 4;
				WATCHOS_DEPLOYMENT_TARGET = 3.0;
			};
			name = Release;
		};
		E4671C051CFBF8BA003267B0 /* Debug */ = {
			isa = XCBuildConfiguration;
			buildSettings = {
				ASSETCATALOG_COMPILER_APPICON_NAME = AppIcon;
				CODE_SIGN_IDENTITY = "iPhone Developer";
				INFOPLIST_FILE = which/Info.plist;
				LD_RUNPATH_SEARCH_PATHS = "$(inherited) @executable_path/Frameworks";
				PRODUCT_BUNDLE_IDENTIFIER = eramosb.which;
				PRODUCT_NAME = "$(TARGET_NAME)";
			};
			name = Debug;
		};
		E4671C061CFBF8BA003267B0 /* Release */ = {
			isa = XCBuildConfiguration;
			buildSettings = {
				ASSETCATALOG_COMPILER_APPICON_NAME = AppIcon;
				CODE_SIGN_IDENTITY = "iPhone Developer";
				INFOPLIST_FILE = which/Info.plist;
				LD_RUNPATH_SEARCH_PATHS = "$(inherited) @executable_path/Frameworks";
				PRODUCT_BUNDLE_IDENTIFIER = eramosb.which;
				PRODUCT_NAME = "$(TARGET_NAME)";
			};
			name = Release;
		};
/* End XCBuildConfiguration section */

/* Begin XCConfigurationList section */
		E4671BBE1CFBF8BA003267B0 /* Build configuration list for PBXProject "which" */ = {
			isa = XCConfigurationList;
			buildConfigurations = (
				E4671BFA1CFBF8BA003267B0 /* Debug */,
				E4671BFB1CFBF8BA003267B0 /* Release */,
			);
			defaultConfigurationIsVisible = 0;
			defaultConfigurationName = Release;
		};
		E4671BFC1CFBF8BA003267B0 /* Build configuration list for PBXNativeTarget "which WatchKit Extension" */ = {
			isa = XCConfigurationList;
			buildConfigurations = (
				E4671BFD1CFBF8BA003267B0 /* Debug */,
				E4671BFE1CFBF8BA003267B0 /* Release */,
			);
			defaultConfigurationIsVisible = 0;
			defaultConfigurationName = Release;
		};
		E4671C001CFBF8BA003267B0 /* Build configuration list for PBXNativeTarget "which WatchKit App" */ = {
			isa = XCConfigurationList;
			buildConfigurations = (
				E4671C011CFBF8BA003267B0 /* Debug */,
				E4671C021CFBF8BA003267B0 /* Release */,
			);
			defaultConfigurationIsVisible = 0;
			defaultConfigurationName = Release;
		};
		E4671C041CFBF8BA003267B0 /* Build configuration list for PBXNativeTarget "which" */ = {
			isa = XCConfigurationList;
			buildConfigurations = (
				E4671C051CFBF8BA003267B0 /* Debug */,
				E4671C061CFBF8BA003267B0 /* Release */,
			);
			defaultConfigurationIsVisible = 0;
			defaultConfigurationName = Release;
		};
/* End XCConfigurationList section */
	};
	rootObject = E4671BBB1CFBF8BA003267B0 /* Project object */;
}
